{
  "object": {
    "pins": [
      {
        "package": "SlideOverCard",
        "repositoryURL": "https://github.com/joogps/SlideOverCard",
        "state": {
          "branch": "main",
          "revision": "f58d646d7666c00cf4c4835a3b674a3d905b3fa9",
          "version": null
        }
      }
    ]
  },
  "version": 1
}
